
Microsoft Visual Studio Solution File, Format Version 12.00
# Visual Studio Version 16
VisualStudioVersion = 16.0.31624.102
MinimumVisualStudioVersion = 10.0.40219.1
Project("{FAE04EC0-301F-11D3-BF4B-00C04F79EFBC}") = "hitch", "hitch.csproj", "{BCE08CAF-3F97-4B8C-904A-1649D62E2F47}"
EndProject
Global
	GlobalSection(SolutionConfigurationPlatforms) = preSolution
		Debug|Any CPU = Debug|Any CPU
		Release|Any CPU = Release|Any CPU
	EndGlobalSection
	GlobalSection(ProjectConfigurationPlatforms) = postSolution
		{BCE08CAF-3F97-4B8C-904A-1649D62E2F47}.Debug|Any CPU.ActiveCfg = Debug|Any CPU
		{BCE08CAF-3F97-4B8C-904A-1649D62E2F47}.Debug|Any CPU.Build.0 = Debug|Any CPU
		{BCE08CAF-3F97-4B8C-904A-1649D62E2F47}.Release|Any CPU.ActiveCfg = Release|Any CPU
		{BCE08CAF-3F97-4B8C-904A-1649D62E2F47}.Release|Any CPU.Build.0 = Release|Any CPU
	EndGlobalSection
	GlobalSection(SolutionProperties) = preSolution
		HideSolutionNode = FALSE
	EndGlobalSection
	GlobalSection(ExtensibilityGlobals) = postSolution
		SolutionGuid = {58846961-3736-4468-BDA9-CF09844BB229}
	EndGlobalSection
EndGlobal
